// !$*UTF8*$!
{
	archiveVersion = 1;
	classes = {
	};
	objectVersion = 46;
	objects = {

/* Begin PBXBuildFile section */
		60DE362A2D6F098C621816CF /* PhysicsCategory.swift in Sources */ = {isa = PBXBuildFile; fileRef = 60DE3BD3D0BCD5ED04606591 /* PhysicsCategory.swift */; };
		60DE36DA7BDAEECF90E788B6 /* EnemyBullet.swift in Sources */ = {isa = PBXBuildFile; fileRef = 60DE3CF691B10887137AB5F5 /* EnemyBullet.swift */; };
		60DE375F19B8B799D1C481A0 /* Direction.swift in Sources */ = {isa = PBXBuildFile; fileRef = 60DE39C4901797F44216682E /* Direction.swift */; };
		60DE3B2C2E27007D9640DF7C /* Enemy.swift in Sources */ = {isa = PBXBuildFile; fileRef = 60DE33A750D6C134A67DD591 /* Enemy.swift */; };
		60DE3B2C6DD7BCADC80A3E06 /* EnemyInitializationParameters.swift in Sources */ = {isa = PBXBuildFile; fileRef = 60DE362989B86622E853A782 /* EnemyInitializationParameters.swift */; };
		60DE3C539ADC85BA7D5CCC52 /* playerShot.wav in Resources */ = {isa = PBXBuildFile; fileRef = 60DE3C23947FFC52DBEFF841 /* playerShot.wav */; };
		60DE3F642B3E627C2F9DA12C /* Biplane.swift in Sources */ = {isa = PBXBuildFile; fileRef = 60DE3EBF4D12A8D9DEF2B809 /* Biplane.swift */; };
		8764D1E41C47256900EC6F49 /* Background.swift in Sources */ = {isa = PBXBuildFile; fileRef = 8764D1E31C47256900EC6F49 /* Background.swift */; };
		8773BD031CC496BD00435900 /* enemyBullet.wav in Resources */ = {isa = PBXBuildFile; fileRef = 8773BD001CC496BD00435900 /* enemyBullet.wav */; };
		8773BD041CC496BD00435900 /* enemyShot.wav in Resources */ = {isa = PBXBuildFile; fileRef = 8773BD011CC496BD00435900 /* enemyShot.wav */; };
		8773BD051CC496BD00435900 /* playerBullet.wav in Resources */ = {isa = PBXBuildFile; fileRef = 8773BD021CC496BD00435900 /* playerBullet.wav */; };
		87754EC81C4424C700C47B30 /* SpawnManager.swift in Sources */ = {isa = PBXBuildFile; fileRef = 87754EC71C4424C700C47B30 /* SpawnManager.swift */; };
		879B990E1C398C15001F191C /* AppDelegate.swift in Sources */ = {isa = PBXBuildFile; fileRef = 879B990D1C398C15001F191C /* AppDelegate.swift */; };
		879B99121C398C15001F191C /* GameScene.swift in Sources */ = {isa = PBXBuildFile; fileRef = 879B99111C398C15001F191C /* GameScene.swift */; };
		879B99141C398C15001F191C /* GameViewController.swift in Sources */ = {isa = PBXBuildFile; fileRef = 879B99131C398C15001F191C /* GameViewController.swift */; };
		879B99191C398C15001F191C /* Assets.xcassets in Resources */ = {isa = PBXBuildFile; fileRef = 879B99181C398C15001F191C /* Assets.xcassets */; };
		879B99271C398C15001F191C /* iDodonpasciiTests.swift in Sources */ = {isa = PBXBuildFile; fileRef = 879B99261C398C15001F191C /* iDodonpasciiTests.swift */; };
		879B99321C398C15001F191C /* iDodonpasciiUITests.swift in Sources */ = {isa = PBXBuildFile; fileRef = 879B99311C398C15001F191C /* iDodonpasciiUITests.swift */; };
		879B99401C398E73001F191C /* iDodonpascii.atlas in Resources */ = {isa = PBXBuildFile; fileRef = 879B993F1C398E73001F191C /* iDodonpascii.atlas */; };
		879B99421C398F22001F191C /* GameSprite.swift in Sources */ = {isa = PBXBuildFile; fileRef = 879B99411C398F22001F191C /* GameSprite.swift */; };
		879B99441C398F45001F191C /* Player.swift in Sources */ = {isa = PBXBuildFile; fileRef = 879B99431C398F45001F191C /* Player.swift */; };
		879B99461C3B37A7001F191C /* PlayerBullet.swift in Sources */ = {isa = PBXBuildFile; fileRef = 879B99451C3B37A7001F191C /* PlayerBullet.swift */; };
		879B994A1C3C83C2001F191C /* Levels.swift in Sources */ = {isa = PBXBuildFile; fileRef = 879B99491C3C83C2001F191C /* Levels.swift */; };
		879B99561C3D9A8E001F191C /* Heli.swift in Sources */ = {isa = PBXBuildFile; fileRef = 879B99551C3D9A8E001F191C /* Heli.swift */; };
		879B99581C3E18D1001F191C /* BackgroundManager.swift in Sources */ = {isa = PBXBuildFile; fileRef = 879B99571C3E18D1001F191C /* BackgroundManager.swift */; };
		87ABB64E1CAB66A6006782A3 /* HUD.swift in Sources */ = {isa = PBXBuildFile; fileRef = 87ABB64D1CAB66A6006782A3 /* HUD.swift */; };
		87ABB6501CAF7F6E006782A3 /* StartScene.swift in Sources */ = {isa = PBXBuildFile; fileRef = 87ABB64F1CAF7F6E006782A3 /* StartScene.swift */; };
		87D639E61CB0F28600BFE3A9 /* Main.storyboard in Resources */ = {isa = PBXBuildFile; fileRef = 87D639E31CB0F28600BFE3A9 /* Main.storyboard */; };
		87D639E81CB19B2900BFE3A9 /* StartGameButton.swift in Sources */ = {isa = PBXBuildFile; fileRef = 87D639E71CB19B2900BFE3A9 /* StartGameButton.swift */; };
		87F278951C613A4100A94CBF /* Scrubbable.swift in Sources */ = {isa = PBXBuildFile; fileRef = 87F278941C613A4100A94CBF /* Scrubbable.swift */; };
		87F55E1B1C48218B006C8228 /* GameState.swift in Sources */ = {isa = PBXBuildFile; fileRef = 87F55E1A1C48218B006C8228 /* GameState.swift */; };
/* End PBXBuildFile section */

/* Begin PBXContainerItemProxy section */
		879B99231C398C15001F191C /* PBXContainerItemProxy */ = {
			isa = PBXContainerItemProxy;
			containerPortal = 879B99021C398C15001F191C /* Project object */;
			proxyType = 1;
			remoteGlobalIDString = 879B99091C398C15001F191C;
			remoteInfo = iDodonpascii;
		};
		879B992E1C398C15001F191C /* PBXContainerItemProxy */ = {
			isa = PBXContainerItemProxy;
			containerPortal = 879B99021C398C15001F191C /* Project object */;
			proxyType = 1;
			remoteGlobalIDString = 879B99091C398C15001F191C;
			remoteInfo = iDodonpascii;
		};
/* End PBXContainerItemProxy section */

/* Begin PBXFileReference section */
		60DE33A750D6C134A67DD591 /* Enemy.swift */ = {isa = PBXFileReference; fileEncoding = 4; lastKnownFileType = sourcecode.swift; name = Enemy.swift; path = iDodonpascii/Enemy.swift; sourceTree = SOURCE_ROOT; };
		60DE362989B86622E853A782 /* EnemyInitializationParameters.swift */ = {isa = PBXFileReference; fileEncoding = 4; lastKnownFileType = sourcecode.swift; path = EnemyInitializationParameters.swift; sourceTree = "<group>"; };
		60DE39C4901797F44216682E /* Direction.swift */ = {isa = PBXFileReference; fileEncoding = 4; lastKnownFileType = sourcecode.swift; path = Direction.swift; sourceTree = "<group>"; };
		60DE3BD3D0BCD5ED04606591 /* PhysicsCategory.swift */ = {isa = PBXFileReference; fileEncoding = 4; lastKnownFileType = sourcecode.swift; path = PhysicsCategory.swift; sourceTree = "<group>"; };
		60DE3C23947FFC52DBEFF841 /* playerShot.wav */ = {isa = PBXFileReference; lastKnownFileType = audio.wav; path = playerShot.wav; sourceTree = "<group>"; };
		60DE3CF691B10887137AB5F5 /* EnemyBullet.swift */ = {isa = PBXFileReference; fileEncoding = 4; lastKnownFileType = sourcecode.swift; name = EnemyBullet.swift; path = ../EnemyBullet.swift; sourceTree = "<group>"; };
		60DE3EBF4D12A8D9DEF2B809 /* Biplane.swift */ = {isa = PBXFileReference; fileEncoding = 4; lastKnownFileType = sourcecode.swift; path = Biplane.swift; sourceTree = "<group>"; };
		8764D1E31C47256900EC6F49 /* Background.swift */ = {isa = PBXFileReference; fileEncoding = 4; lastKnownFileType = sourcecode.swift; path = Background.swift; sourceTree = "<group>"; };
		8773BD001CC496BD00435900 /* enemyBullet.wav */ = {isa = PBXFileReference; lastKnownFileType = audio.wav; path = enemyBullet.wav; sourceTree = "<group>"; };
		8773BD011CC496BD00435900 /* enemyShot.wav */ = {isa = PBXFileReference; lastKnownFileType = audio.wav; path = enemyShot.wav; sourceTree = "<group>"; };
		8773BD021CC496BD00435900 /* playerBullet.wav */ = {isa = PBXFileReference; lastKnownFileType = audio.wav; path = playerBullet.wav; sourceTree = "<group>"; };
		87754EC71C4424C700C47B30 /* SpawnManager.swift */ = {isa = PBXFileReference; fileEncoding = 4; lastKnownFileType = sourcecode.swift; path = SpawnManager.swift; sourceTree = "<group>"; };
		879B990A1C398C15001F191C /* iDodonpascii.app */ = {isa = PBXFileReference; explicitFileType = wrapper.application; includeInIndex = 0; path = iDodonpascii.app; sourceTree = BUILT_PRODUCTS_DIR; };
		879B990D1C398C15001F191C /* AppDelegate.swift */ = {isa = PBXFileReference; lastKnownFileType = sourcecode.swift; path = AppDelegate.swift; sourceTree = "<group>"; };
		879B99111C398C15001F191C /* GameScene.swift */ = {isa = PBXFileReference; lastKnownFileType = sourcecode.swift; path = GameScene.swift; sourceTree = "<group>"; };
		879B99131C398C15001F191C /* GameViewController.swift */ = {isa = PBXFileReference; lastKnownFileType = sourcecode.swift; path = GameViewController.swift; sourceTree = "<group>"; };
		879B99181C398C15001F191C /* Assets.xcassets */ = {isa = PBXFileReference; lastKnownFileType = folder.assetcatalog; path = Assets.xcassets; sourceTree = "<group>"; };
		879B991D1C398C15001F191C /* Info.plist */ = {isa = PBXFileReference; lastKnownFileType = text.plist.xml; path = Info.plist; sourceTree = "<group>"; };
		879B99221C398C15001F191C /* iDodonpasciiTests.xctest */ = {isa = PBXFileReference; explicitFileType = wrapper.cfbundle; includeInIndex = 0; path = iDodonpasciiTests.xctest; sourceTree = BUILT_PRODUCTS_DIR; };
		879B99261C398C15001F191C /* iDodonpasciiTests.swift */ = {isa = PBXFileReference; lastKnownFileType = sourcecode.swift; path = iDodonpasciiTests.swift; sourceTree = "<group>"; };
		879B99281C398C15001F191C /* Info.plist */ = {isa = PBXFileReference; lastKnownFileType = text.plist.xml; path = Info.plist; sourceTree = "<group>"; };
		879B992D1C398C15001F191C /* iDodonpasciiUITests.xctest */ = {isa = PBXFileReference; explicitFileType = wrapper.cfbundle; includeInIndex = 0; path = iDodonpasciiUITests.xctest; sourceTree = BUILT_PRODUCTS_DIR; };
		879B99311C398C15001F191C /* iDodonpasciiUITests.swift */ = {isa = PBXFileReference; lastKnownFileType = sourcecode.swift; path = iDodonpasciiUITests.swift; sourceTree = "<group>"; };
		879B99331C398C15001F191C /* Info.plist */ = {isa = PBXFileReference; lastKnownFileType = text.plist.xml; path = Info.plist; sourceTree = "<group>"; };
		879B993F1C398E73001F191C /* iDodonpascii.atlas */ = {isa = PBXFileReference; lastKnownFileType = folder.skatlas; path = iDodonpascii.atlas; sourceTree = "<group>"; };
		879B99411C398F22001F191C /* GameSprite.swift */ = {isa = PBXFileReference; fileEncoding = 4; lastKnownFileType = sourcecode.swift; path = GameSprite.swift; sourceTree = "<group>"; };
		879B99431C398F45001F191C /* Player.swift */ = {isa = PBXFileReference; fileEncoding = 4; lastKnownFileType = sourcecode.swift; path = Player.swift; sourceTree = "<group>"; };
		879B99451C3B37A7001F191C /* PlayerBullet.swift */ = {isa = PBXFileReference; fileEncoding = 4; lastKnownFileType = sourcecode.swift; path = PlayerBullet.swift; sourceTree = "<group>"; };
		879B99491C3C83C2001F191C /* Levels.swift */ = {isa = PBXFileReference; fileEncoding = 4; lastKnownFileType = sourcecode.swift; path = Levels.swift; sourceTree = "<group>"; };
		879B99551C3D9A8E001F191C /* Heli.swift */ = {isa = PBXFileReference; fileEncoding = 4; lastKnownFileType = sourcecode.swift; path = Heli.swift; sourceTree = "<group>"; };
		879B99571C3E18D1001F191C /* BackgroundManager.swift */ = {isa = PBXFileReference; fileEncoding = 4; lastKnownFileType = sourcecode.swift; path = BackgroundManager.swift; sourceTree = "<group>"; };
		87ABB64D1CAB66A6006782A3 /* HUD.swift */ = {isa = PBXFileReference; fileEncoding = 4; lastKnownFileType = sourcecode.swift; path = HUD.swift; sourceTree = "<group>"; };
		87ABB64F1CAF7F6E006782A3 /* StartScene.swift */ = {isa = PBXFileReference; fileEncoding = 4; lastKnownFileType = sourcecode.swift; path = StartScene.swift; sourceTree = "<group>"; };
		87D639E41CB0F28600BFE3A9 /* Base */ = {isa = PBXFileReference; lastKnownFileType = file.storyboard; name = Base; path = Base.lproj/Main.storyboard; sourceTree = "<group>"; };
		87D639E71CB19B2900BFE3A9 /* StartGameButton.swift */ = {isa = PBXFileReference; fileEncoding = 4; lastKnownFileType = sourcecode.swift; path = StartGameButton.swift; sourceTree = "<group>"; };
		87F278941C613A4100A94CBF /* Scrubbable.swift */ = {isa = PBXFileReference; fileEncoding = 4; lastKnownFileType = sourcecode.swift; path = Scrubbable.swift; sourceTree = "<group>"; };
		87F55E1A1C48218B006C8228 /* GameState.swift */ = {isa = PBXFileReference; fileEncoding = 4; lastKnownFileType = sourcecode.swift; path = GameState.swift; sourceTree = "<group>"; };
/* End PBXFileReference section */

/* Begin PBXFrameworksBuildPhase section */
		879B99071C398C15001F191C /* Frameworks */ = {
			isa = PBXFrameworksBuildPhase;
			buildActionMask = 2147483647;
			files = (
			);
			runOnlyForDeploymentPostprocessing = 0;
		};
		879B991F1C398C15001F191C /* Frameworks */ = {
			isa = PBXFrameworksBuildPhase;
			buildActionMask = 2147483647;
			files = (
			);
			runOnlyForDeploymentPostprocessing = 0;
		};
		879B992A1C398C15001F191C /* Frameworks */ = {
			isa = PBXFrameworksBuildPhase;
			buildActionMask = 2147483647;
			files = (
			);
			runOnlyForDeploymentPostprocessing = 0;
		};
/* End PBXFrameworksBuildPhase section */

/* Begin PBXGroup section */
		8773BCFF1CC4967200435900 /* iDodonpascii.sounds */ = {
			isa = PBXGroup;
			children = (
				8773BD001CC496BD00435900 /* enemyBullet.wav */,
				8773BD011CC496BD00435900 /* enemyShot.wav */,
				8773BD021CC496BD00435900 /* playerBullet.wav */,
				60DE3C23947FFC52DBEFF841 /* playerShot.wav */,
			);
			path = iDodonpascii.sounds;
			sourceTree = "<group>";
		};
		879B99011C398C15001F191C = {
			isa = PBXGroup;
			children = (
				8773BCFF1CC4967200435900 /* iDodonpascii.sounds */,
				879B994E1C3D9675001F191C /* Encounters */,
				879B993F1C398E73001F191C /* iDodonpascii.atlas */,
				879B990C1C398C15001F191C /* iDodonpascii */,
				879B99251C398C15001F191C /* iDodonpasciiTests */,
				879B99301C398C15001F191C /* iDodonpasciiUITests */,
				879B990B1C398C15001F191C /* Products */,
			);
			sourceTree = "<group>";
		};
		879B990B1C398C15001F191C /* Products */ = {
			isa = PBXGroup;
			children = (
				879B990A1C398C15001F191C /* iDodonpascii.app */,
				879B99221C398C15001F191C /* iDodonpasciiTests.xctest */,
				879B992D1C398C15001F191C /* iDodonpasciiUITests.xctest */,
			);
			name = Products;
			sourceTree = "<group>";
		};
		879B990C1C398C15001F191C /* iDodonpascii */ = {
			isa = PBXGroup;
			children = (
				87D639E31CB0F28600BFE3A9 /* Main.storyboard */,
				879B990D1C398C15001F191C /* AppDelegate.swift */,
				879B99181C398C15001F191C /* Assets.xcassets */,
				8764D1E31C47256900EC6F49 /* Background.swift */,
				879B99571C3E18D1001F191C /* BackgroundManager.swift */,
				60DE33A750D6C134A67DD591 /* Enemy.swift */,
				60DE3CF691B10887137AB5F5 /* EnemyBullet.swift */,
				879B99111C398C15001F191C /* GameScene.swift */,
				879B99411C398F22001F191C /* GameSprite.swift */,
				87F55E1A1C48218B006C8228 /* GameState.swift */,
				879B99131C398C15001F191C /* GameViewController.swift */,
				879B99551C3D9A8E001F191C /* Heli.swift */,
				879B991D1C398C15001F191C /* Info.plist */,
				879B99491C3C83C2001F191C /* Levels.swift */,
				879B99431C398F45001F191C /* Player.swift */,
				879B99451C3B37A7001F191C /* PlayerBullet.swift */,
				87754EC71C4424C700C47B30 /* SpawnManager.swift */,
				87F278941C613A4100A94CBF /* Scrubbable.swift */,
				87ABB64D1CAB66A6006782A3 /* HUD.swift */,
				87ABB64F1CAF7F6E006782A3 /* StartScene.swift */,
				87D639E71CB19B2900BFE3A9 /* StartGameButton.swift */,
				60DE3BD3D0BCD5ED04606591 /* PhysicsCategory.swift */,
				60DE39C4901797F44216682E /* Direction.swift */,
				60DE3EBF4D12A8D9DEF2B809 /* Biplane.swift */,
				60DE362989B86622E853A782 /* EnemyInitializationParameters.swift */,
			);
			path = iDodonpascii;
			sourceTree = "<group>";
		};
		879B99251C398C15001F191C /* iDodonpasciiTests */ = {
			isa = PBXGroup;
			children = (
				879B99261C398C15001F191C /* iDodonpasciiTests.swift */,
				879B99281C398C15001F191C /* Info.plist */,
			);
			path = iDodonpasciiTests;
			sourceTree = "<group>";
		};
		879B99301C398C15001F191C /* iDodonpasciiUITests */ = {
			isa = PBXGroup;
			children = (
				879B99311C398C15001F191C /* iDodonpasciiUITests.swift */,
				879B99331C398C15001F191C /* Info.plist */,
			);
			path = iDodonpasciiUITests;
			sourceTree = "<group>";
		};
		879B994E1C3D9675001F191C /* Encounters */ = {
			isa = PBXGroup;
			children = (
			);
			name = Encounters;
			sourceTree = "<group>";
		};
/* End PBXGroup section */

/* Begin PBXNativeTarget section */
		879B99091C398C15001F191C /* iDodonpascii */ = {
			isa = PBXNativeTarget;
			buildConfigurationList = 879B99361C398C15001F191C /* Build configuration list for PBXNativeTarget "iDodonpascii" */;
			buildPhases = (
				879B99061C398C15001F191C /* Sources */,
				879B99071C398C15001F191C /* Frameworks */,
				879B99081C398C15001F191C /* Resources */,
			);
			buildRules = (
			);
			dependencies = (
			);
			name = iDodonpascii;
			productName = iDodonpascii;
			productReference = 879B990A1C398C15001F191C /* iDodonpascii.app */;
			productType = "com.apple.product-type.application";
		};
		879B99211C398C15001F191C /* iDodonpasciiTests */ = {
			isa = PBXNativeTarget;
			buildConfigurationList = 879B99391C398C15001F191C /* Build configuration list for PBXNativeTarget "iDodonpasciiTests" */;
			buildPhases = (
				879B991E1C398C15001F191C /* Sources */,
				879B991F1C398C15001F191C /* Frameworks */,
				879B99201C398C15001F191C /* Resources */,
			);
			buildRules = (
			);
			dependencies = (
				879B99241C398C15001F191C /* PBXTargetDependency */,
			);
			name = iDodonpasciiTests;
			productName = iDodonpasciiTests;
			productReference = 879B99221C398C15001F191C /* iDodonpasciiTests.xctest */;
			productType = "com.apple.product-type.bundle.unit-test";
		};
		879B992C1C398C15001F191C /* iDodonpasciiUITests */ = {
			isa = PBXNativeTarget;
			buildConfigurationList = 879B993C1C398C15001F191C /* Build configuration list for PBXNativeTarget "iDodonpasciiUITests" */;
			buildPhases = (
				879B99291C398C15001F191C /* Sources */,
				879B992A1C398C15001F191C /* Frameworks */,
				879B992B1C398C15001F191C /* Resources */,
			);
			buildRules = (
			);
			dependencies = (
				879B992F1C398C15001F191C /* PBXTargetDependency */,
			);
			name = iDodonpasciiUITests;
			productName = iDodonpasciiUITests;
			productReference = 879B992D1C398C15001F191C /* iDodonpasciiUITests.xctest */;
			productType = "com.apple.product-type.bundle.ui-testing";
		};
/* End PBXNativeTarget section */

/* Begin PBXProject section */
		879B99021C398C15001F191C /* Project object */ = {
			isa = PBXProject;
			attributes = {
				LastSwiftUpdateCheck = 0720;
				LastUpgradeCheck = 0720;
				ORGANIZATIONNAME = "danielle kefford";
				TargetAttributes = {
					879B99091C398C15001F191C = {
						CreatedOnToolsVersion = 7.2;
						DevelopmentTeam = GARV9392W2;
					};
					879B99211C398C15001F191C = {
						CreatedOnToolsVersion = 7.2;
						DevelopmentTeam = GARV9392W2;
						TestTargetID = 879B99091C398C15001F191C;
					};
					879B992C1C398C15001F191C = {
						CreatedOnToolsVersion = 7.2;
						DevelopmentTeam = GARV9392W2;
						TestTargetID = 879B99091C398C15001F191C;
					};
				};
			};
			buildConfigurationList = 879B99051C398C15001F191C /* Build configuration list for PBXProject "iDodonpascii" */;
			compatibilityVersion = "Xcode 3.2";
			developmentRegion = English;
			hasScannedForEncodings = 0;
			knownRegions = (
				en,
				Base,
			);
			mainGroup = 879B99011C398C15001F191C;
			productRefGroup = 879B990B1C398C15001F191C /* Products */;
			projectDirPath = "";
			projectRoot = "";
			targets = (
				879B99091C398C15001F191C /* iDodonpascii */,
				879B99211C398C15001F191C /* iDodonpasciiTests */,
				879B992C1C398C15001F191C /* iDodonpasciiUITests */,
			);
		};
/* End PBXProject section */

/* Begin PBXResourcesBuildPhase section */
		879B99081C398C15001F191C /* Resources */ = {
			isa = PBXResourcesBuildPhase;
			buildActionMask = 2147483647;
			files = (
				879B99401C398E73001F191C /* iDodonpascii.atlas in Resources */,
				8773BD031CC496BD00435900 /* enemyBullet.wav in Resources */,
				87D639E61CB0F28600BFE3A9 /* Main.storyboard in Resources */,
				879B99191C398C15001F191C /* Assets.xcassets in Resources */,
				8773BD041CC496BD00435900 /* enemyShot.wav in Resources */,
				8773BD051CC496BD00435900 /* playerBullet.wav in Resources */,
				60DE3C539ADC85BA7D5CCC52 /* playerShot.wav in Resources */,
			);
			runOnlyForDeploymentPostprocessing = 0;
		};
		879B99201C398C15001F191C /* Resources */ = {
			isa = PBXResourcesBuildPhase;
			buildActionMask = 2147483647;
			files = (
			);
			runOnlyForDeploymentPostprocessing = 0;
		};
		879B992B1C398C15001F191C /* Resources */ = {
			isa = PBXResourcesBuildPhase;
			buildActionMask = 2147483647;
			files = (
			);
			runOnlyForDeploymentPostprocessing = 0;
		};
/* End PBXResourcesBuildPhase section */

/* Begin PBXSourcesBuildPhase section */
		879B99061C398C15001F191C /* Sources */ = {
			isa = PBXSourcesBuildPhase;
			buildActionMask = 2147483647;
			files = (
				879B99581C3E18D1001F191C /* BackgroundManager.swift in Sources */,
				879B99461C3B37A7001F191C /* PlayerBullet.swift in Sources */,
				87F55E1B1C48218B006C8228 /* GameState.swift in Sources */,
				87D639E81CB19B2900BFE3A9 /* StartGameButton.swift in Sources */,
				87F278951C613A4100A94CBF /* Scrubbable.swift in Sources */,
				879B994A1C3C83C2001F191C /* Levels.swift in Sources */,
				879B99421C398F22001F191C /* GameSprite.swift in Sources */,
				879B99121C398C15001F191C /* GameScene.swift in Sources */,
				87ABB6501CAF7F6E006782A3 /* StartScene.swift in Sources */,
				879B99561C3D9A8E001F191C /* Heli.swift in Sources */,
				87754EC81C4424C700C47B30 /* SpawnManager.swift in Sources */,
				87ABB64E1CAB66A6006782A3 /* HUD.swift in Sources */,
				879B99141C398C15001F191C /* GameViewController.swift in Sources */,
				879B99441C398F45001F191C /* Player.swift in Sources */,
				879B990E1C398C15001F191C /* AppDelegate.swift in Sources */,
				8764D1E41C47256900EC6F49 /* Background.swift in Sources */,
				60DE362A2D6F098C621816CF /* PhysicsCategory.swift in Sources */,
				60DE375F19B8B799D1C481A0 /* Direction.swift in Sources */,
				60DE3B2C2E27007D9640DF7C /* Enemy.swift in Sources */,
				60DE3F642B3E627C2F9DA12C /* Biplane.swift in Sources */,
				60DE3B2C6DD7BCADC80A3E06 /* EnemyInitializationParameters.swift in Sources */,
				60DE36DA7BDAEECF90E788B6 /* EnemyBullet.swift in Sources */,
			);
			runOnlyForDeploymentPostprocessing = 0;
		};
		879B991E1C398C15001F191C /* Sources */ = {
			isa = PBXSourcesBuildPhase;
			buildActionMask = 2147483647;
			files = (
				879B99271C398C15001F191C /* iDodonpasciiTests.swift in Sources */,
			);
			runOnlyForDeploymentPostprocessing = 0;
		};
		879B99291C398C15001F191C /* Sources */ = {
			isa = PBXSourcesBuildPhase;
			buildActionMask = 2147483647;
			files = (
				879B99321C398C15001F191C /* iDodonpasciiUITests.swift in Sources */,
			);
			runOnlyForDeploymentPostprocessing = 0;
		};
/* End PBXSourcesBuildPhase section */

/* Begin PBXTargetDependency section */
		879B99241C398C15001F191C /* PBXTargetDependency */ = {
			isa = PBXTargetDependency;
			target = 879B99091C398C15001F191C /* iDodonpascii */;
			targetProxy = 879B99231C398C15001F191C /* PBXContainerItemProxy */;
		};
		879B992F1C398C15001F191C /* PBXTargetDependency */ = {
			isa = PBXTargetDependency;
			target = 879B99091C398C15001F191C /* iDodonpascii */;
			targetProxy = 879B992E1C398C15001F191C /* PBXContainerItemProxy */;
		};
/* End PBXTargetDependency section */

/* Begin PBXVariantGroup section */
		87D639E31CB0F28600BFE3A9 /* Main.storyboard */ = {
			isa = PBXVariantGroup;
			children = (
				87D639E41CB0F28600BFE3A9 /* Base */,
			);
			name = Main.storyboard;
			sourceTree = "<group>";
		};
/* End PBXVariantGroup section */

/* Begin XCBuildConfiguration section */
		879B99341C398C15001F191C /* Debug */ = {
			isa = XCBuildConfiguration;
			buildSettings = {
				ALWAYS_SEARCH_USER_PATHS = NO;
				CLANG_CXX_LANGUAGE_STANDARD = "gnu++0x";
				CLANG_CXX_LIBRARY = "libc++";
				CLANG_ENABLE_MODULES = YES;
				CLANG_ENABLE_OBJC_ARC = YES;
				CLANG_WARN_BOOL_CONVERSION = YES;
				CLANG_WARN_CONSTANT_CONVERSION = YES;
				CLANG_WARN_DIRECT_OBJC_ISA_USAGE = YES_ERROR;
				CLANG_WARN_EMPTY_BODY = YES;
				CLANG_WARN_ENUM_CONVERSION = YES;
				CLANG_WARN_INT_CONVERSION = YES;
				CLANG_WARN_OBJC_ROOT_CLASS = YES_ERROR;
				CLANG_WARN_UNREACHABLE_CODE = YES;
				CLANG_WARN__DUPLICATE_METHOD_MATCH = YES;
				"CODE_SIGN_IDENTITY[sdk=iphoneos*]" = "iPhone Developer";
				COPY_PHASE_STRIP = NO;
				DEBUG_INFORMATION_FORMAT = "dwarf-with-dsym";
				ENABLE_STRICT_OBJC_MSGSEND = YES;
				ENABLE_TESTABILITY = YES;
				GCC_C_LANGUAGE_STANDARD = gnu99;
				GCC_DYNAMIC_NO_PIC = NO;
				GCC_NO_COMMON_BLOCKS = YES;
				GCC_OPTIMIZATION_LEVEL = 0;
				GCC_PREPROCESSOR_DEFINITIONS = (
					"DEBUG=1",
					"$(inherited)",
				);
				GCC_WARN_64_TO_32_BIT_CONVERSION = YES;
				GCC_WARN_ABOUT_RETURN_TYPE = YES_ERROR;
				GCC_WARN_UNDECLARED_SELECTOR = YES;
				GCC_WARN_UNINITIALIZED_AUTOS = YES_AGGRESSIVE;
				GCC_WARN_UNUSED_FUNCTION = YES;
				GCC_WARN_UNUSED_VARIABLE = YES;
				IPHONEOS_DEPLOYMENT_TARGET = 9.2;
				MTL_ENABLE_DEBUG_INFO = YES;
				ONLY_ACTIVE_ARCH = YES;
				SDKROOT = iphoneos;
				SWIFT_OPTIMIZATION_LEVEL = "-Onone";
				TARGETED_DEVICE_FAMILY = "1,2";
			};
			name = Debug;
		};
		879B99351C398C15001F191C /* Release */ = {
			isa = XCBuildConfiguration;
			buildSettings = {
				ALWAYS_SEARCH_USER_PATHS = NO;
				CLANG_CXX_LANGUAGE_STANDARD = "gnu++0x";
				CLANG_CXX_LIBRARY = "libc++";
				CLANG_ENABLE_MODULES = YES;
				CLANG_ENABLE_OBJC_ARC = YES;
				CLANG_WARN_BOOL_CONVERSION = YES;
				CLANG_WARN_CONSTANT_CONVERSION = YES;
				CLANG_WARN_DIRECT_OBJC_ISA_USAGE = YES_ERROR;
				CLANG_WARN_EMPTY_BODY = YES;
				CLANG_WARN_ENUM_CONVERSION = YES;
				CLANG_WARN_INT_CONVERSION = YES;
				CLANG_WARN_OBJC_ROOT_CLASS = YES_ERROR;
				CLANG_WARN_UNREACHABLE_CODE = YES;
				CLANG_WARN__DUPLICATE_METHOD_MATCH = YES;
				"CODE_SIGN_IDENTITY[sdk=iphoneos*]" = "iPhone Developer";
				COPY_PHASE_STRIP = NO;
				DEBUG_INFORMATION_FORMAT = "dwarf-with-dsym";
				ENABLE_NS_ASSERTIONS = NO;
				ENABLE_STRICT_OBJC_MSGSEND = YES;
				GCC_C_LANGUAGE_STANDARD = gnu99;
				GCC_NO_COMMON_BLOCKS = YES;
				GCC_WARN_64_TO_32_BIT_CONVERSION = YES;
				GCC_WARN_ABOUT_RETURN_TYPE = YES_ERROR;
				GCC_WARN_UNDECLARED_SELECTOR = YES;
				GCC_WARN_UNINITIALIZED_AUTOS = YES_AGGRESSIVE;
				GCC_WARN_UNUSED_FUNCTION = YES;
				GCC_WARN_UNUSED_VARIABLE = YES;
				IPHONEOS_DEPLOYMENT_TARGET = 9.2;
				MTL_ENABLE_DEBUG_INFO = NO;
				SDKROOT = iphoneos;
				TARGETED_DEVICE_FAMILY = "1,2";
				VALIDATE_PRODUCT = YES;
			};
			name = Release;
		};
		879B99371C398C15001F191C /* Debug */ = {
			isa = XCBuildConfiguration;
			buildSettings = {
				ASSETCATALOG_COMPILER_APPICON_NAME = AppIcon;
				INFOPLIST_FILE = iDodonpascii/Info.plist;
				IPHONEOS_DEPLOYMENT_TARGET = 8.0;
				LD_RUNPATH_SEARCH_PATHS = "$(inherited) @executable_path/Frameworks";
				PRODUCT_BUNDLE_IDENTIFIER = com.quephird.iDodonpascii;
				PRODUCT_NAME = "$(TARGET_NAME)";
				TARGETED_DEVICE_FAMILY = "1,2";
			};
			name = Debug;
		};
		879B99381C398C15001F191C /* Release */ = {
			isa = XCBuildConfiguration;
			buildSettings = {
				ASSETCATALOG_COMPILER_APPICON_NAME = AppIcon;
				INFOPLIST_FILE = iDodonpascii/Info.plist;
				IPHONEOS_DEPLOYMENT_TARGET = 8.0;
				LD_RUNPATH_SEARCH_PATHS = "$(inherited) @executable_path/Frameworks";
				PRODUCT_BUNDLE_IDENTIFIER = com.quephird.iDodonpascii;
				PRODUCT_NAME = "$(TARGET_NAME)";
				TARGETED_DEVICE_FAMILY = "1,2";
			};
			name = Release;
		};
		879B993A1C398C15001F191C /* Debug */ = {
			isa = XCBuildConfiguration;
			buildSettings = {
				BUNDLE_LOADER = "$(TEST_HOST)";
				DEBUG_INFORMATION_FORMAT = dwarf;
				INFOPLIST_FILE = iDodonpasciiTests/Info.plist;
				LD_RUNPATH_SEARCH_PATHS = "$(inherited) @executable_path/Frameworks @loader_path/Frameworks";
				PRODUCT_BUNDLE_IDENTIFIER = com.quephird.iDodonpasciiTests;
				PRODUCT_NAME = "$(TARGET_NAME)";
				TEST_HOST = "$(BUILT_PRODUCTS_DIR)/iDodonpascii.app/iDodonpascii";
			};
			name = Debug;
		};
		879B993B1C398C15001F191C /* Release */ = {
			isa = XCBuildConfiguration;
			buildSettings = {
				BUNDLE_LOADER = "$(TEST_HOST)";
				INFOPLIST_FILE = iDodonpasciiTests/Info.plist;
				LD_RUNPATH_SEARCH_PATHS = "$(inherited) @executable_path/Frameworks @loader_path/Frameworks";
				PRODUCT_BUNDLE_IDENTIFIER = com.quephird.iDodonpasciiTests;
				PRODUCT_NAME = "$(TARGET_NAME)";
				TEST_HOST = "$(BUILT_PRODUCTS_DIR)/iDodonpascii.app/iDodonpascii";
			};
			name = Release;
		};
		879B993D1C398C15001F191C /* Debug */ = {
			isa = XCBuildConfiguration;
			buildSettings = {
				DEBUG_INFORMATION_FORMAT = dwarf;
				INFOPLIST_FILE = iDodonpasciiUITests/Info.plist;
				LD_RUNPATH_SEARCH_PATHS = "$(inherited) @executable_path/Frameworks @loader_path/Frameworks";
				PRODUCT_BUNDLE_IDENTIFIER = com.quephird.iDodonpasciiUITests;
				PRODUCT_NAME = "$(TARGET_NAME)";
				TEST_TARGET_NAME = iDodonpascii;
				USES_XCTRUNNER = YES;
			};
			name = Debug;
		};
		879B993E1C398C15001F191C /* Release */ = {
			isa = XCBuildConfiguration;
			buildSettings = {
				INFOPLIST_FILE = iDodonpasciiUITests/Info.plist;
				LD_RUNPATH_SEARCH_PATHS = "$(inherited) @executable_path/Frameworks @loader_path/Frameworks";
				PRODUCT_BUNDLE_IDENTIFIER = com.quephird.iDodonpasciiUITests;
				PRODUCT_NAME = "$(TARGET_NAME)";
				TEST_TARGET_NAME = iDodonpascii;
				USES_XCTRUNNER = YES;
			};
			name = Release;
		};
/* End XCBuildConfiguration section */

/* Begin XCConfigurationList section */
		879B99051C398C15001F191C /* Build configuration list for PBXProject "iDodonpascii" */ = {
			isa = XCConfigurationList;
			buildConfigurations = (
				879B99341C398C15001F191C /* Debug */,
				879B99351C398C15001F191C /* Release */,
			);
			defaultConfigurationIsVisible = 0;
			defaultConfigurationName = Release;
		};
		879B99361C398C15001F191C /* Build configuration list for PBXNativeTarget "iDodonpascii" */ = {
			isa = XCConfigurationList;
			buildConfigurations = (
				879B99371C398C15001F191C /* Debug */,
				879B99381C398C15001F191C /* Release */,
			);
			defaultConfigurationIsVisible = 0;
			defaultConfigurationName = Release;
		};
		879B99391C398C15001F191C /* Build configuration list for PBXNativeTarget "iDodonpasciiTests" */ = {
			isa = XCConfigurationList;
			buildConfigurations = (
				879B993A1C398C15001F191C /* Debug */,
				879B993B1C398C15001F191C /* Release */,
			);
			defaultConfigurationIsVisible = 0;
			defaultConfigurationName = Release;
		};
		879B993C1C398C15001F191C /* Build configuration list for PBXNativeTarget "iDodonpasciiUITests" */ = {
			isa = XCConfigurationList;
			buildConfigurations = (
				879B993D1C398C15001F191C /* Debug */,
				879B993E1C398C15001F191C /* Release */,
			);
			defaultConfigurationIsVisible = 0;
			defaultConfigurationName = Release;
		};
/* End XCConfigurationList section */
	};
	rootObject = 879B99021C398C15001F191C /* Project object */;
}
